PODS:
  - Alamofire (5.8.1)
  - CarbonKit (2.3.1)
  - Cosmos (23.0.0)
  - DateToolsSwift (5.0.0)
  - DPOTPView (1.5.12)
  - DynamicBlurView (4.1.0)
  - Firebase (10.5.0):
    - Firebase/Core (= 10.5.0)
  - Firebase/Core (10.5.0):
    - Firebase/CoreOnly
    - FirebaseAnalytics (~> 10.5.0)
  - Firebase/CoreOnly (10.5.0):
    - FirebaseCore (= 10.5.0)
  - FirebaseAnalytics (10.5.0):
    - FirebaseAnalytics/AdIdSupport (= 10.5.0)
    - FirebaseCore (~> 10.0)
    - FirebaseInstallations (~> 10.0)
    - GoogleUtilities/AppDelegateSwizzler (~> 7.8)
    - GoogleUtilities/MethodSwizzler (~> 7.8)
    - GoogleUtilities/Network (~> 7.8)
    - "GoogleUtilities/NSData+zlib (~> 7.8)"
    - nanopb (< 2.30910.0, >= 2.30908.0)
  - FirebaseAnalytics/AdIdSupport (10.5.0):
    - FirebaseCore (~> 10.0)
    - FirebaseInstallations (~> 10.0)
    - GoogleAppMeasurement (= 10.5.0)
    - GoogleUtilities/AppDelegateSwizzler (~> 7.8)
    - GoogleUtilities/MethodSwizzler (~> 7.8)
    - GoogleUtilities/Network (~> 7.8)
    - "GoogleUtilities/NSData+zlib (~> 7.8)"
    - nanopb (< 2.30910.0, >= 2.30908.0)
  - FirebaseAuth (10.5.0):
    - FirebaseCore (~> 10.0)
    - GoogleUtilities/AppDelegateSwizzler (~> 7.8)
    - GoogleUtilities/Environment (~> 7.8)
    - GTMSessionFetcher/Core (< 4.0, >= 2.1)
  - FirebaseCore (10.5.0):
    - FirebaseCoreInternal (~> 10.0)
    - GoogleUtilities/Environment (~> 7.8)
    - GoogleUtilities/Logger (~> 7.8)
  - FirebaseCoreInternal (10.19.0):
    - "GoogleUtilities/NSData+zlib (~> 7.8)"
  - FirebaseDatabase (10.5.0):
    - FirebaseCore (~> 10.0)
    - leveldb-library (~> 1.22)
  - FirebaseInstallations (10.19.0):
    - FirebaseCore (~> 10.0)
    - GoogleUtilities/Environment (~> 7.8)
    - GoogleUtilities/UserDefaults (~> 7.8)
    - PromisesObjC (~> 2.1)
  - FirebaseMessaging (10.5.0):
    - FirebaseCore (~> 10.0)
    - FirebaseInstallations (~> 10.0)
    - GoogleDataTransport (~> 9.2)
    - GoogleUtilities/AppDelegateSwizzler (~> 7.8)
    - GoogleUtilities/Environment (~> 7.8)
    - GoogleUtilities/Reachability (~> 7.8)
    - GoogleUtilities/UserDefaults (~> 7.8)
    - nanopb (< 2.30910.0, >= 2.30908.0)
  - GoogleAppMeasurement (10.5.0):
    - GoogleAppMeasurement/AdIdSupport (= 10.5.0)
    - GoogleUtilities/AppDelegateSwizzler (~> 7.8)
    - GoogleUtilities/MethodSwizzler (~> 7.8)
    - GoogleUtilities/Network (~> 7.8)
    - "GoogleUtilities/NSData+zlib (~> 7.8)"
    - nanopb (< 2.30910.0, >= 2.30908.0)
  - GoogleAppMeasurement/AdIdSupport (10.5.0):
    - GoogleAppMeasurement/WithoutAdIdSupport (= 10.5.0)
    - GoogleUtilities/AppDelegateSwizzler (~> 7.8)
    - GoogleUtilities/MethodSwizzler (~> 7.8)
    - GoogleUtilities/Network (~> 7.8)
    - "GoogleUtilities/NSData+zlib (~> 7.8)"
    - nanopb (< 2.30910.0, >= 2.30908.0)
  - GoogleAppMeasurement/WithoutAdIdSupport (10.5.0):
    - GoogleUtilities/AppDelegateSwizzler (~> 7.8)
    - GoogleUtilities/MethodSwizzler (~> 7.8)
    - GoogleUtilities/Network (~> 7.8)
    - "GoogleUtilities/NSData+zlib (~> 7.8)"
    - nanopb (< 2.30910.0, >= 2.30908.0)
  - GoogleDataTransport (9.3.0):
    - GoogleUtilities/Environment (~> 7.7)
    - nanopb (< 2.30910.0, >= 2.30908.0)
    - PromisesObjC (< 3.0, >= 1.2)
  - GoogleUtilities/AppDelegateSwizzler (7.12.0):
    - GoogleUtilities/Environment
    - GoogleUtilities/Logger
    - GoogleUtilities/Network
  - GoogleUtilities/Environment (7.12.0):
    - PromisesObjC (< 3.0, >= 1.2)
  - GoogleUtilities/Logger (7.12.0):
    - GoogleUtilities/Environment
  - GoogleUtilities/MethodSwizzler (7.12.0):
    - GoogleUtilities/Logger
  - GoogleUtilities/Network (7.12.0):
    - GoogleUtilities/Logger
    - "GoogleUtilities/NSData+zlib"
    - GoogleUtilities/Reachability
  - "GoogleUtilities/NSData+zlib (7.12.0)"
  - GoogleUtilities/Reachability (7.12.0):
    - GoogleUtilities/Logger
  - GoogleUtilities/UserDefaults (7.12.0):
    - GoogleUtilities/Logger
  - GTMSessionFetcher/Core (3.2.0)
  - leveldb-library (1.22.2)
  - lottie-ios (4.3.4)
  - MessageViewController (0.2.1)
  - Moya (15.0.0):
    - Moya/Core (= 15.0.0)
  - Moya/Core (15.0.0):
    - Alamofire (~> 5.0)
  - nanopb (2.30909.1):
    - nanopb/decode (= 2.30909.1)
    - nanopb/encode (= 2.30909.1)
  - nanopb/decode (2.30909.1)
  - nanopb/encode (2.30909.1)
  - NVActivityIndicatorView/Base (5.1.1)
  - NVActivityIndicatorView/Extended (5.1.1):
    - NVActivityIndicatorView/Base
  - ObjectMapper (4.2.0)
  - PanModal (1.2.7)
  - PayTabsSDK (6.6.20)
  - PopupDialog (1.1.1):
    - DynamicBlurView (~> 4.0)
  - PromisesObjC (2.3.1)
  - RangeSeekSlider (1.8.0)
  - SCPageControl (0.4.0)
  - SwiftKeychainWrapper (4.0.1)
  - SwiftLint (0.44.0)
  - SwiftMessages (9.0.9):
    - SwiftMessages/App (= 9.0.9)
  - SwiftMessages/App (9.0.9)
  - ViewAnimator (3.1.0)
  - Windless (0.1.5)
  - youtube-ios-player-helper (1.0.4)

DEPENDENCIES:
  - CarbonKit (from `https://github.com/Sob7y/CarbonKit`)
  - Cosmos
  - DateToolsSwift
  - DPOTPView
  - Firebase (from `https://github.com/firebase/firebase-ios-sdk.git`, tag `10.5.0`)
  - FirebaseAnalytics (from `https://github.com/firebase/firebase-ios-sdk.git`, tag `10.5.0`)
  - FirebaseAuth (from `https://github.com/firebase/firebase-ios-sdk.git`, tag `10.5.0`)
  - FirebaseDatabase (from `https://github.com/firebase/firebase-ios-sdk.git`, tag `10.5.0`)
  - FirebaseMessaging (from `https://github.com/firebase/firebase-ios-sdk.git`, tag `10.5.0`)
  - lottie-ios
  - MessageViewController
  - Moya
  - NVActivityIndicatorView/Extended
  - ObjectMapper
  - PanModal
  - PayTabsSDK
  - PopupDialog
  - RangeSeekSlider
  - SCPageControl (from `https://github.com/MahmoudNasserIbtikar/SCPageControl.git`)
  - SwiftKeychainWrapper
  - SwiftLint (~> 0.44.0)
  - SwiftMessages
  - ViewAnimator
  - Windless (from `https://github.com/Sob7y/Windless`)
  - youtube-ios-player-helper

SPEC REPOS:
  https://github.com/CocoaPods/Specs.git:
    - Alamofire
    - Cosmos
    - DateToolsSwift
    - DPOTPView
    - DynamicBlurView
    - FirebaseCore
    - FirebaseCoreInternal
    - FirebaseInstallations
    - GoogleAppMeasurement
    - GoogleDataTransport
    - GoogleUtilities
    - GTMSessionFetcher
    - leveldb-library
    - lottie-ios
    - MessageViewController
    - Moya
    - nanopb
    - NVActivityIndicatorView
    - ObjectMapper
    - PanModal
    - PopupDialog
    - PromisesObjC
    - RangeSeekSlider
    - SwiftKeychainWrapper
    - SwiftLint
    - SwiftMessages
    - ViewAnimator
    - youtube-ios-player-helper
  trunk:
    - PayTabsSDK

EXTERNAL SOURCES:
  CarbonKit:
    :git: https://github.com/Sob7y/CarbonKit
  Firebase:
    :git: https://github.com/firebase/firebase-ios-sdk.git
    :tag: 10.5.0
  FirebaseAnalytics:
    :git: https://github.com/firebase/firebase-ios-sdk.git
    :tag: 10.5.0
  FirebaseAuth:
    :git: https://github.com/firebase/firebase-ios-sdk.git
    :tag: 10.5.0
  FirebaseDatabase:
    :git: https://github.com/firebase/firebase-ios-sdk.git
    :tag: 10.5.0
  FirebaseMessaging:
    :git: https://github.com/firebase/firebase-ios-sdk.git
    :tag: 10.5.0
  SCPageControl:
    :git: https://github.com/MahmoudNasserIbtikar/SCPageControl.git
  Windless:
    :git: https://github.com/Sob7y/Windless

CHECKOUT OPTIONS:
  CarbonKit:
    :commit: 63fa7300a0a4ac5641b7c2a6770d1b2e0e05baa7
    :git: https://github.com/Sob7y/CarbonKit
  Firebase:
    :git: https://github.com/firebase/firebase-ios-sdk.git
    :tag: 10.5.0
  FirebaseAnalytics:
    :git: https://github.com/firebase/firebase-ios-sdk.git
    :tag: 10.5.0
  FirebaseAuth:
    :git: https://github.com/firebase/firebase-ios-sdk.git
    :tag: 10.5.0
  FirebaseDatabase:
    :git: https://github.com/firebase/firebase-ios-sdk.git
    :tag: 10.5.0
  FirebaseMessaging:
    :git: https://github.com/firebase/firebase-ios-sdk.git
    :tag: 10.5.0
  SCPageControl:
    :commit: 453cfb3ab25ad5966254297a84fb35a6c32811df
    :git: https://github.com/MahmoudNasserIbtikar/SCPageControl.git
  Windless:
    :commit: 949223d7679d982550b0bd02a074a776554783bd
    :git: https://github.com/Sob7y/Windless

SPEC CHECKSUMS:
  Alamofire: 3ca42e259043ee0dc5c0cdd76c4bc568b8e42af7
  CarbonKit: b60e24dbdb47179990d5e074efa87ab819c8de98
  Cosmos: b5c6a9a637e28a061b54c8f8b1d8529d7d4db73f
  DateToolsSwift: 4207ada6ad615d8dc076323d27037c94916dbfa6
  DPOTPView: 28d8a0a84a2ff4b1e4a7712065aba1cbb14e2704
  DynamicBlurView: 58e18fae80bb614e34681a4486870e7d257b62e8
  Firebase: 3d6637234ab163e31852834617b4fe1df3b7af6d
  FirebaseAnalytics: 6f7430030cb6b22fe1db2e3bed782e999b76dc00
  FirebaseAuth: 1028326bcaa7a61391386e74b9078cc558ae14f1
  FirebaseCore: 324b8d182d9ff7e3f6d1fa2f04b082d1c7a3e366
  FirebaseCoreInternal: b444828ea7cfd594fca83046b95db98a2be4f290
  FirebaseDatabase: 149317118d3387b560d1b79c82d918288178f72e
  FirebaseInstallations: 033d199474164db20c8350736842a94fe717b960
  FirebaseMessaging: 35ecbbc68ff547fca80f9326c9622e79288c7149
  GoogleAppMeasurement: 40c70a7d89013f0eca72006c4b9732163ea4cdae
  GoogleDataTransport: 57c22343ab29bc686febbf7cbb13bad167c2d8fe
  GoogleUtilities: 0759d1a57ebb953965c2dfe0ba4c82e95ccc2e34
  GTMSessionFetcher: 41b9ef0b4c08a6db4b7eb51a21ae5183ec99a2c8
  leveldb-library: f03246171cce0484482ec291f88b6d563699ee06
  lottie-ios: 3d98679b41fa6fd6aff2352b3953dbd3df8a397e
  MessageViewController: 63ef2719d82c91d949ad52e101f049028a5a0611
  Moya: 138f0573e53411fb3dc17016add0b748dfbd78ee
  nanopb: d4d75c12cd1316f4a64e3c6963f879ecd4b5e0d5
  NVActivityIndicatorView: 1f6c5687f1171810aa27a3296814dc2d7dec3667
  ObjectMapper: 1eb41f610210777375fa806bf161dc39fb832b81
  PanModal: 3e16ead1a907fb06f4df3f13492fd00149fa4974
  PayTabsSDK: da92d5a9804886f3ab9b82f658870a7706de6298
  PopupDialog: 720c92befd8bc23c13442254945213db5612f149
  PromisesObjC: c50d2056b5253dadbd6c2bea79b0674bd5a52fa4
  RangeSeekSlider: 650b11fa1edcb92e1e0ede797669d98622570fb5
  SCPageControl: 8a8dfbba7d7d8c66487a317cb4c4578a7e4af27a
  SwiftKeychainWrapper: 807ba1d63c33a7d0613288512399cd1eda1e470c
  SwiftLint: e96c0a8c770c7ebbc4d36c55baf9096bb65c4584
  SwiftMessages: 1a23aef303fa7bb26ad802880746cf8358e378fe
  ViewAnimator: a9ceed80266e00fd435ec4fb99b2df64d580d0e4
  Windless: 9dea19b4d239d948e4cec3891fac1fe863e13136
  youtube-ios-player-helper: e9b97535e816db3152179d84d999bc1807ecd689

PODFILE CHECKSUM: ae8e07bb13ef00d8eff6a58384e514de442b1ce5

COCOAPODS: 1.15.2
